
Microsoft Visual Studio Solution File, Format Version 12.00
Project("{FAE04EC0-301F-11D3-BF4B-00C04F79EFBC}") = "ApbdKol2", "ApbdKol2\ApbdKol2.csproj", "{955E8035-9E3E-400E-9219-5B2C6D444DCE}"
EndProject
Global
	GlobalSection(SolutionConfigurationPlatforms) = preSolution
		Debug|Any CPU = Debug|Any CPU
		Release|Any CPU = Release|Any CPU
	EndGlobalSection
	GlobalSection(ProjectConfigurationPlatforms) = postSolution
		{955E8035-9E3E-400E-9219-5B2C6D444DCE}.Debug|Any CPU.ActiveCfg = Debug|Any CPU
		{955E8035-9E3E-400E-9219-5B2C6D444DCE}.Debug|Any CPU.Build.0 = Debug|Any CPU
		{955E8035-9E3E-400E-9219-5B2C6D444DCE}.Release|Any CPU.ActiveCfg = Release|Any CPU
		{955E8035-9E3E-400E-9219-5B2C6D444DCE}.Release|Any CPU.Build.0 = Release|Any CPU
	EndGlobalSection
EndGlobal
